
Microsoft Visual Studio Solution File, Format Version 12.00
# Visual Studio 15
VisualStudioVersion = 15.0.35431.46
MinimumVisualStudioVersion = 10.0.40219.1
Project("{8BC9CEB8-8B4A-11D0-8D11-00A0C91BC942}") = "cmedia_server", "cmedia_server\cmedia_server.vcxproj", "{17A3B0EA-E432-4AD7-838A-5DC8C45C551D}"
EndProject
Project("{8BC9CEB8-8B4A-11D0-8D11-00A0C91BC942}") = "clib", "clib\clib.vcxproj", "{3120B5FD-03E9-4413-A512-CEF433F1EC2B}"
EndProject
Project("{8BC9CEB8-8B4A-11D0-8D11-00A0C91BC942}") = "media", "media\media.vcxproj", "{0BB8B5AB-16CF-48E5-9DB4-D4CA6C3B3DFB}"
EndProject
Project("{8BC9CEB8-8B4A-11D0-8D11-00A0C91BC942}") = "libepoll", "libepoll\libepoll.vcxproj", "{3E3F9CF2-AFF7-499F-926B-350299767770}"
EndProject
Global
	GlobalSection(SolutionConfigurationPlatforms) = preSolution
		Debug|x64 = Debug|x64
		Debug|x86 = Debug|x86
		Release|x64 = Release|x64
		Release|x86 = Release|x86
	EndGlobalSection
	GlobalSection(ProjectConfigurationPlatforms) = postSolution
		{17A3B0EA-E432-4AD7-838A-5DC8C45C551D}.Debug|x64.ActiveCfg = Debug|x64
		{17A3B0EA-E432-4AD7-838A-5DC8C45C551D}.Debug|x64.Build.0 = Debug|x64
		{17A3B0EA-E432-4AD7-838A-5DC8C45C551D}.Debug|x86.ActiveCfg = Debug|Win32
		{17A3B0EA-E432-4AD7-838A-5DC8C45C551D}.Debug|x86.Build.0 = Debug|Win32
		{17A3B0EA-E432-4AD7-838A-5DC8C45C551D}.Release|x64.ActiveCfg = Release|x64
		{17A3B0EA-E432-4AD7-838A-5DC8C45C551D}.Release|x64.Build.0 = Release|x64
		{17A3B0EA-E432-4AD7-838A-5DC8C45C551D}.Release|x86.ActiveCfg = Release|Win32
		{17A3B0EA-E432-4AD7-838A-5DC8C45C551D}.Release|x86.Build.0 = Release|Win32
		{3120B5FD-03E9-4413-A512-CEF433F1EC2B}.Debug|x64.ActiveCfg = Debug|x64
		{3120B5FD-03E9-4413-A512-CEF433F1EC2B}.Debug|x64.Build.0 = Debug|x64
		{3120B5FD-03E9-4413-A512-CEF433F1EC2B}.Debug|x86.ActiveCfg = Debug|Win32
		{3120B5FD-03E9-4413-A512-CEF433F1EC2B}.Debug|x86.Build.0 = Debug|Win32
		{3120B5FD-03E9-4413-A512-CEF433F1EC2B}.Release|x64.ActiveCfg = Release|x64
		{3120B5FD-03E9-4413-A512-CEF433F1EC2B}.Release|x64.Build.0 = Release|x64
		{3120B5FD-03E9-4413-A512-CEF433F1EC2B}.Release|x86.ActiveCfg = Release|Win32
		{3120B5FD-03E9-4413-A512-CEF433F1EC2B}.Release|x86.Build.0 = Release|Win32
		{0BB8B5AB-16CF-48E5-9DB4-D4CA6C3B3DFB}.Debug|x64.ActiveCfg = Debug|x64
		{0BB8B5AB-16CF-48E5-9DB4-D4CA6C3B3DFB}.Debug|x64.Build.0 = Debug|x64
		{0BB8B5AB-16CF-48E5-9DB4-D4CA6C3B3DFB}.Debug|x86.ActiveCfg = Debug|Win32
		{0BB8B5AB-16CF-48E5-9DB4-D4CA6C3B3DFB}.Debug|x86.Build.0 = Debug|Win32
		{0BB8B5AB-16CF-48E5-9DB4-D4CA6C3B3DFB}.Release|x64.ActiveCfg = Release|x64
		{0BB8B5AB-16CF-48E5-9DB4-D4CA6C3B3DFB}.Release|x64.Build.0 = Release|x64
		{0BB8B5AB-16CF-48E5-9DB4-D4CA6C3B3DFB}.Release|x86.ActiveCfg = Release|Win32
		{0BB8B5AB-16CF-48E5-9DB4-D4CA6C3B3DFB}.Release|x86.Build.0 = Release|Win32
		{3E3F9CF2-AFF7-499F-926B-350299767770}.Debug|x64.ActiveCfg = Debug|x64
		{3E3F9CF2-AFF7-499F-926B-350299767770}.Debug|x64.Build.0 = Debug|x64
		{3E3F9CF2-AFF7-499F-926B-350299767770}.Debug|x86.ActiveCfg = Debug|Win32
		{3E3F9CF2-AFF7-499F-926B-350299767770}.Debug|x86.Build.0 = Debug|Win32
		{3E3F9CF2-AFF7-499F-926B-350299767770}.Release|x64.ActiveCfg = Release|x64
		{3E3F9CF2-AFF7-499F-926B-350299767770}.Release|x64.Build.0 = Release|x64
		{3E3F9CF2-AFF7-499F-926B-350299767770}.Release|x86.ActiveCfg = Release|Win32
		{3E3F9CF2-AFF7-499F-926B-350299767770}.Release|x86.Build.0 = Release|Win32
	EndGlobalSection
	GlobalSection(SolutionProperties) = preSolution
		HideSolutionNode = FALSE
	EndGlobalSection
	GlobalSection(ExtensibilityGlobals) = postSolution
		SolutionGuid = {FB94887A-F294-46D8-82C9-1CA2F6230253}
	EndGlobalSection
EndGlobal
